
Microsoft Visual Studio Solution File, Format Version 12.00
# Visual Studio 2013
VisualStudioVersion = 12.0.30501.0
MinimumVisualStudioVersion = 10.0.40219.1
Project("{FAE04EC0-301F-11D3-BF4B-00C04F79EFBC}") = "LongRunningTask", "LongRunningTask\LongRunningTask.csproj", "{D5ED960C-976D-4773-88BB-9C09B5591E37}"
EndProject
Project("{FAE04EC0-301F-11D3-BF4B-00C04F79EFBC}") = "DocumentProvider", "DocumentService\DocumentProvider.csproj", "{CADC7369-9D82-4600-B728-4FD633F31EFB}"
EndProject
Global
	GlobalSection(SolutionConfigurationPlatforms) = preSolution
		Debug|Any CPU = Debug|Any CPU
		Release|Any CPU = Release|Any CPU
	EndGlobalSection
	GlobalSection(ProjectConfigurationPlatforms) = postSolution
		{D5ED960C-976D-4773-88BB-9C09B5591E37}.Debug|Any CPU.ActiveCfg = Debug|Any CPU
		{D5ED960C-976D-4773-88BB-9C09B5591E37}.Debug|Any CPU.Build.0 = Debug|Any CPU
		{D5ED960C-976D-4773-88BB-9C09B5591E37}.Release|Any CPU.ActiveCfg = Release|Any CPU
		{D5ED960C-976D-4773-88BB-9C09B5591E37}.Release|Any CPU.Build.0 = Release|Any CPU
		{CADC7369-9D82-4600-B728-4FD633F31EFB}.Debug|Any CPU.ActiveCfg = Debug|Any CPU
		{CADC7369-9D82-4600-B728-4FD633F31EFB}.Debug|Any CPU.Build.0 = Debug|Any CPU
		{CADC7369-9D82-4600-B728-4FD633F31EFB}.Release|Any CPU.ActiveCfg = Release|Any CPU
		{CADC7369-9D82-4600-B728-4FD633F31EFB}.Release|Any CPU.Build.0 = Release|Any CPU
	EndGlobalSection
	GlobalSection(SolutionProperties) = preSolution
		HideSolutionNode = FALSE
	EndGlobalSection
EndGlobal
